
Microsoft Visual Studio Solution File, Format Version 12.00
# Visual Studio Version 17
VisualStudioVersion = 17.7.34221.43
MinimumVisualStudioVersion = 10.0.40219.1
Project("{FAE04EC0-301F-11D3-BF4B-00C04F79EFBC}") = "CarStockApp", "CarStockApp\CarStockApp.csproj", "{6080F963-C0F8-4DB2-9A30-39C4418007B4}"
EndProject
Global
	GlobalSection(SolutionConfigurationPlatforms) = preSolution
		Debug|Any CPU = Debug|Any CPU
		Release|Any CPU = Release|Any CPU
	EndGlobalSection
	GlobalSection(ProjectConfigurationPlatforms) = postSolution
		{6080F963-C0F8-4DB2-9A30-39C4418007B4}.Debug|Any CPU.ActiveCfg = Debug|Any CPU
		{6080F963-C0F8-4DB2-9A30-39C4418007B4}.Debug|Any CPU.Build.0 = Debug|Any CPU
		{6080F963-C0F8-4DB2-9A30-39C4418007B4}.Release|Any CPU.ActiveCfg = Release|Any CPU
		{6080F963-C0F8-4DB2-9A30-39C4418007B4}.Release|Any CPU.Build.0 = Release|Any CPU
	EndGlobalSection
	GlobalSection(SolutionProperties) = preSolution
		HideSolutionNode = FALSE
	EndGlobalSection
	GlobalSection(ExtensibilityGlobals) = postSolution
		SolutionGuid = {AFF79DC7-DDCC-4210-9C57-6BA3389FF9A9}
	EndGlobalSection
EndGlobal
